
Microsoft Visual Studio Solution File, Format Version 12.00
# Visual Studio Version 17
VisualStudioVersion = 17.0.31903.59
MinimumVisualStudioVersion = 10.0.40219.1
Project("{2150E333-8FDC-42A3-9474-1A3956D46DE8}") = "Server", "Server", "{DAD03CFC-D5FA-AC94-41C7-9ABAB326F09E}"
EndProject
Project("{FAE04EC0-301F-11D3-BF4B-00C04F79EFBC}") = "Entities", "Entities\Entities.csproj", "{DCF9F09F-E11A-4B7B-8FA3-2BC749512AC3}"
EndProject
Project("{FAE04EC0-301F-11D3-BF4B-00C04F79EFBC}") = "contracts", "Server\contracts\contracts.csproj", "{3434F9DD-19C9-4EFC-9200-F8446BAFD1C6}"
EndProject
Project("{FAE04EC0-301F-11D3-BF4B-00C04F79EFBC}") = "Entities", "Server\Entities\Entities.csproj", "{D77BFFB8-7AEF-4FAE-A9B8-75F6539385B5}"
EndProject
Project("{FAE04EC0-301F-11D3-BF4B-00C04F79EFBC}") = "RepositoryContracts", "Server\RepositoryContracts\RepositoryContracts.csproj", "{F1A529EF-E327-4912-AAF5-A78648F0B4DD}"
EndProject
Project("{FAE04EC0-301F-11D3-BF4B-00C04F79EFBC}") = "InMemoryRepository", "Server\InMemoryRepository\InMemoryRepository.csproj", "{19D9282A-CD73-4718-988B-129F9BD8C019}"
EndProject
Global
	GlobalSection(SolutionConfigurationPlatforms) = preSolution
		Debug|Any CPU = Debug|Any CPU
		Debug|x64 = Debug|x64
		Debug|x86 = Debug|x86
		Release|Any CPU = Release|Any CPU
		Release|x64 = Release|x64
		Release|x86 = Release|x86
	EndGlobalSection
	GlobalSection(ProjectConfigurationPlatforms) = postSolution
		{DCF9F09F-E11A-4B7B-8FA3-2BC749512AC3}.Debug|Any CPU.ActiveCfg = Debug|Any CPU
		{DCF9F09F-E11A-4B7B-8FA3-2BC749512AC3}.Debug|Any CPU.Build.0 = Debug|Any CPU
		{DCF9F09F-E11A-4B7B-8FA3-2BC749512AC3}.Debug|x64.ActiveCfg = Debug|Any CPU
		{DCF9F09F-E11A-4B7B-8FA3-2BC749512AC3}.Debug|x64.Build.0 = Debug|Any CPU
		{DCF9F09F-E11A-4B7B-8FA3-2BC749512AC3}.Debug|x86.ActiveCfg = Debug|Any CPU
		{DCF9F09F-E11A-4B7B-8FA3-2BC749512AC3}.Debug|x86.Build.0 = Debug|Any CPU
		{DCF9F09F-E11A-4B7B-8FA3-2BC749512AC3}.Release|Any CPU.ActiveCfg = Release|Any CPU
		{DCF9F09F-E11A-4B7B-8FA3-2BC749512AC3}.Release|Any CPU.Build.0 = Release|Any CPU
		{DCF9F09F-E11A-4B7B-8FA3-2BC749512AC3}.Release|x64.ActiveCfg = Release|Any CPU
		{DCF9F09F-E11A-4B7B-8FA3-2BC749512AC3}.Release|x64.Build.0 = Release|Any CPU
		{DCF9F09F-E11A-4B7B-8FA3-2BC749512AC3}.Release|x86.ActiveCfg = Release|Any CPU
		{DCF9F09F-E11A-4B7B-8FA3-2BC749512AC3}.Release|x86.Build.0 = Release|Any CPU
		{3434F9DD-19C9-4EFC-9200-F8446BAFD1C6}.Debug|Any CPU.ActiveCfg = Debug|Any CPU
		{3434F9DD-19C9-4EFC-9200-F8446BAFD1C6}.Debug|Any CPU.Build.0 = Debug|Any CPU
		{3434F9DD-19C9-4EFC-9200-F8446BAFD1C6}.Debug|x64.ActiveCfg = Debug|Any CPU
		{3434F9DD-19C9-4EFC-9200-F8446BAFD1C6}.Debug|x64.Build.0 = Debug|Any CPU
		{3434F9DD-19C9-4EFC-9200-F8446BAFD1C6}.Debug|x86.ActiveCfg = Debug|Any CPU
		{3434F9DD-19C9-4EFC-9200-F8446BAFD1C6}.Debug|x86.Build.0 = Debug|Any CPU
		{3434F9DD-19C9-4EFC-9200-F8446BAFD1C6}.Release|Any CPU.ActiveCfg = Release|Any CPU
		{3434F9DD-19C9-4EFC-9200-F8446BAFD1C6}.Release|Any CPU.Build.0 = Release|Any CPU
		{3434F9DD-19C9-4EFC-9200-F8446BAFD1C6}.Release|x64.ActiveCfg = Release|Any CPU
		{3434F9DD-19C9-4EFC-9200-F8446BAFD1C6}.Release|x64.Build.0 = Release|Any CPU
		{3434F9DD-19C9-4EFC-9200-F8446BAFD1C6}.Release|x86.ActiveCfg = Release|Any CPU
		{3434F9DD-19C9-4EFC-9200-F8446BAFD1C6}.Release|x86.Build.0 = Release|Any CPU
		{D77BFFB8-7AEF-4FAE-A9B8-75F6539385B5}.Debug|Any CPU.ActiveCfg = Debug|Any CPU
		{D77BFFB8-7AEF-4FAE-A9B8-75F6539385B5}.Debug|Any CPU.Build.0 = Debug|Any CPU
		{D77BFFB8-7AEF-4FAE-A9B8-75F6539385B5}.Debug|x64.ActiveCfg = Debug|Any CPU
		{D77BFFB8-7AEF-4FAE-A9B8-75F6539385B5}.Debug|x64.Build.0 = Debug|Any CPU
		{D77BFFB8-7AEF-4FAE-A9B8-75F6539385B5}.Debug|x86.ActiveCfg = Debug|Any CPU
		{D77BFFB8-7AEF-4FAE-A9B8-75F6539385B5}.Debug|x86.Build.0 = Debug|Any CPU
		{D77BFFB8-7AEF-4FAE-A9B8-75F6539385B5}.Release|Any CPU.ActiveCfg = Release|Any CPU
		{D77BFFB8-7AEF-4FAE-A9B8-75F6539385B5}.Release|Any CPU.Build.0 = Release|Any CPU
		{D77BFFB8-7AEF-4FAE-A9B8-75F6539385B5}.Release|x64.ActiveCfg = Release|Any CPU
		{D77BFFB8-7AEF-4FAE-A9B8-75F6539385B5}.Release|x64.Build.0 = Release|Any CPU
		{D77BFFB8-7AEF-4FAE-A9B8-75F6539385B5}.Release|x86.ActiveCfg = Release|Any CPU
		{D77BFFB8-7AEF-4FAE-A9B8-75F6539385B5}.Release|x86.Build.0 = Release|Any CPU
		{F1A529EF-E327-4912-AAF5-A78648F0B4DD}.Debug|Any CPU.ActiveCfg = Debug|Any CPU
		{F1A529EF-E327-4912-AAF5-A78648F0B4DD}.Debug|Any CPU.Build.0 = Debug|Any CPU
		{F1A529EF-E327-4912-AAF5-A78648F0B4DD}.Debug|x64.ActiveCfg = Debug|Any CPU
		{F1A529EF-E327-4912-AAF5-A78648F0B4DD}.Debug|x64.Build.0 = Debug|Any CPU
		{F1A529EF-E327-4912-AAF5-A78648F0B4DD}.Debug|x86.ActiveCfg = Debug|Any CPU
		{F1A529EF-E327-4912-AAF5-A78648F0B4DD}.Debug|x86.Build.0 = Debug|Any CPU
		{F1A529EF-E327-4912-AAF5-A78648F0B4DD}.Release|Any CPU.ActiveCfg = Release|Any CPU
		{F1A529EF-E327-4912-AAF5-A78648F0B4DD}.Release|Any CPU.Build.0 = Release|Any CPU
		{F1A529EF-E327-4912-AAF5-A78648F0B4DD}.Release|x64.ActiveCfg = Release|Any CPU
		{F1A529EF-E327-4912-AAF5-A78648F0B4DD}.Release|x64.Build.0 = Release|Any CPU
		{F1A529EF-E327-4912-AAF5-A78648F0B4DD}.Release|x86.ActiveCfg = Release|Any CPU
		{F1A529EF-E327-4912-AAF5-A78648F0B4DD}.Release|x86.Build.0 = Release|Any CPU
		{19D9282A-CD73-4718-988B-129F9BD8C019}.Debug|Any CPU.ActiveCfg = Debug|Any CPU
		{19D9282A-CD73-4718-988B-129F9BD8C019}.Debug|Any CPU.Build.0 = Debug|Any CPU
		{19D9282A-CD73-4718-988B-129F9BD8C019}.Debug|x64.ActiveCfg = Debug|Any CPU
		{19D9282A-CD73-4718-988B-129F9BD8C019}.Debug|x64.Build.0 = Debug|Any CPU
		{19D9282A-CD73-4718-988B-129F9BD8C019}.Debug|x86.ActiveCfg = Debug|Any CPU
		{19D9282A-CD73-4718-988B-129F9BD8C019}.Debug|x86.Build.0 = Debug|Any CPU
		{19D9282A-CD73-4718-988B-129F9BD8C019}.Release|Any CPU.ActiveCfg = Release|Any CPU
		{19D9282A-CD73-4718-988B-129F9BD8C019}.Release|Any CPU.Build.0 = Release|Any CPU
		{19D9282A-CD73-4718-988B-129F9BD8C019}.Release|x64.ActiveCfg = Release|Any CPU
		{19D9282A-CD73-4718-988B-129F9BD8C019}.Release|x64.Build.0 = Release|Any CPU
		{19D9282A-CD73-4718-988B-129F9BD8C019}.Release|x86.ActiveCfg = Release|Any CPU
		{19D9282A-CD73-4718-988B-129F9BD8C019}.Release|x86.Build.0 = Release|Any CPU
	EndGlobalSection
	GlobalSection(SolutionProperties) = preSolution
		HideSolutionNode = FALSE
	EndGlobalSection
	GlobalSection(NestedProjects) = preSolution
		{3434F9DD-19C9-4EFC-9200-F8446BAFD1C6} = {DAD03CFC-D5FA-AC94-41C7-9ABAB326F09E}
		{D77BFFB8-7AEF-4FAE-A9B8-75F6539385B5} = {DAD03CFC-D5FA-AC94-41C7-9ABAB326F09E}
		{F1A529EF-E327-4912-AAF5-A78648F0B4DD} = {DAD03CFC-D5FA-AC94-41C7-9ABAB326F09E}
		{19D9282A-CD73-4718-988B-129F9BD8C019} = {DAD03CFC-D5FA-AC94-41C7-9ABAB326F09E}
	EndGlobalSection
EndGlobal
